// !$*UTF8*$!
{
	archiveVersion = 1;
	classes = {
	};
	objectVersion = 52;
	objects = {

/* Begin PBXBuildFile section */
		12253040248E7C7000C54FF3 /* Main.storyboard in Resources */ = {isa = PBXBuildFile; fileRef = 1225303F248E7C7000C54FF3 /* Main.storyboard */; };
		12253042248E7F8000C54FF3 /* FirstViewController.swift in Sources */ = {isa = PBXBuildFile; fileRef = 12253041248E7F8000C54FF3 /* FirstViewController.swift */; };
		12253044248E818C00C54FF3 /* ConfirmViewController.swift in Sources */ = {isa = PBXBuildFile; fileRef = 12253043248E818C00C54FF3 /* ConfirmViewController.swift */; };
		12E16C47249CFB2100D0DE28 /* Shout in Frameworks */ = {isa = PBXBuildFile; productRef = 12E16C46249CFB2100D0DE28 /* Shout */; };
		3F39E152248D3EC300D8E7E5 /* HelpView.swift in Sources */ = {isa = PBXBuildFile; fileRef = 3F39E151248D3EC300D8E7E5 /* HelpView.swift */; };
		3F39E154248D4C3E00D8E7E5 /* ConfirmView.swift in Sources */ = {isa = PBXBuildFile; fileRef = 3F39E153248D4C3E00D8E7E5 /* ConfirmView.swift */; };
		3F39E156248D5C5C00D8E7E5 /* Resource in Resources */ = {isa = PBXBuildFile; fileRef = 3F39E155248D5C5C00D8E7E5 /* Resource */; };
		3FA89C46248D637300957190 /* Image.swift in Sources */ = {isa = PBXBuildFile; fileRef = 3FA89C45248D637300957190 /* Image.swift */; };
		621E184C2488F5EA0067E25D /* LoadingView.swift in Sources */ = {isa = PBXBuildFile; fileRef = 621E184B2488F5EA0067E25D /* LoadingView.swift */; };
		621E184E2488FEDB0067E25D /* MainView.swift in Sources */ = {isa = PBXBuildFile; fileRef = 621E184D2488FEDB0067E25D /* MainView.swift */; };
		621E1852248909FD0067E25D /* ContentView.swift in Sources */ = {isa = PBXBuildFile; fileRef = 621E1851248909FD0067E25D /* ContentView.swift */; };
		621E185624891FD10067E25D /* .gitignore in Resources */ = {isa = PBXBuildFile; fileRef = 621E185524891FD10067E25D /* .gitignore */; };
		6273BABC247B9AD0003D8F68 /* AppDelegate.swift in Sources */ = {isa = PBXBuildFile; fileRef = 6273BABB247B9AD0003D8F68 /* AppDelegate.swift */; };
		6273BABE247B9AD0003D8F68 /* SceneDelegate.swift in Sources */ = {isa = PBXBuildFile; fileRef = 6273BABD247B9AD0003D8F68 /* SceneDelegate.swift */; };
		6273BAC2247B9AD1003D8F68 /* Assets.xcassets in Resources */ = {isa = PBXBuildFile; fileRef = 6273BAC1247B9AD1003D8F68 /* Assets.xcassets */; };
		6273BAC5247B9AD1003D8F68 /* Preview Assets.xcassets in Resources */ = {isa = PBXBuildFile; fileRef = 6273BAC4247B9AD1003D8F68 /* Preview Assets.xcassets */; };
		6273BAC8247B9AD1003D8F68 /* LaunchScreen.storyboard in Resources */ = {isa = PBXBuildFile; fileRef = 6273BAC6247B9AD1003D8F68 /* LaunchScreen.storyboard */; };
		62C3D2FA2489247800091AA4 /* CameraView.swift in Sources */ = {isa = PBXBuildFile; fileRef = 62C3D2F92489247800091AA4 /* CameraView.swift */; };
		62C3D2FC2489254800091AA4 /* LibraryView.swift in Sources */ = {isa = PBXBuildFile; fileRef = 62C3D2FB2489254800091AA4 /* LibraryView.swift */; };
		62C3D2FE248925AF00091AA4 /* ViewController.swift in Sources */ = {isa = PBXBuildFile; fileRef = 62C3D2FD248925AF00091AA4 /* ViewController.swift */; };
		62C3D3002489278200091AA4 /* .gitattributes in Resources */ = {isa = PBXBuildFile; fileRef = 62C3D2FF2489278200091AA4 /* .gitattributes */; };
/* End PBXBuildFile section */

/* Begin PBXFileReference section */
		1225303F248E7C7000C54FF3 /* Main.storyboard */ = {isa = PBXFileReference; lastKnownFileType = file.storyboard; path = Main.storyboard; sourceTree = "<group>"; };
		12253041248E7F8000C54FF3 /* FirstViewController.swift */ = {isa = PBXFileReference; lastKnownFileType = sourcecode.swift; path = FirstViewController.swift; sourceTree = "<group>"; };
		12253043248E818C00C54FF3 /* ConfirmViewController.swift */ = {isa = PBXFileReference; lastKnownFileType = sourcecode.swift; path = ConfirmViewController.swift; sourceTree = "<group>"; };
		3F39E151248D3EC300D8E7E5 /* HelpView.swift */ = {isa = PBXFileReference; lastKnownFileType = sourcecode.swift; path = HelpView.swift; sourceTree = "<group>"; };
		3F39E153248D4C3E00D8E7E5 /* ConfirmView.swift */ = {isa = PBXFileReference; lastKnownFileType = sourcecode.swift; path = ConfirmView.swift; sourceTree = "<group>"; };
		3F39E155248D5C5C00D8E7E5 /* Resource */ = {isa = PBXFileReference; fileEncoding = 4; lastKnownFileType = folder; name = Resource; path = FaceAgingSwift/Resource; sourceTree = SOURCE_ROOT; };
		3FA89C45248D637300957190 /* Image.swift */ = {isa = PBXFileReference; lastKnownFileType = sourcecode.swift; path = Image.swift; sourceTree = "<group>"; };
		621E184B2488F5EA0067E25D /* LoadingView.swift */ = {isa = PBXFileReference; lastKnownFileType = sourcecode.swift; path = LoadingView.swift; sourceTree = "<group>"; };
		621E184D2488FEDB0067E25D /* MainView.swift */ = {isa = PBXFileReference; lastKnownFileType = sourcecode.swift; path = MainView.swift; sourceTree = "<group>"; };
		621E1851248909FD0067E25D /* ContentView.swift */ = {isa = PBXFileReference; lastKnownFileType = sourcecode.swift; path = ContentView.swift; sourceTree = "<group>"; };
		621E185524891FD10067E25D /* .gitignore */ = {isa = PBXFileReference; lastKnownFileType = text; path = .gitignore; sourceTree = "<group>"; };
		6273BAB8247B9AD0003D8F68 /* ChronoFace.app */ = {isa = PBXFileReference; explicitFileType = wrapper.application; includeInIndex = 0; path = ChronoFace.app; sourceTree = BUILT_PRODUCTS_DIR; };
		6273BABB247B9AD0003D8F68 /* AppDelegate.swift */ = {isa = PBXFileReference; lastKnownFileType = sourcecode.swift; path = AppDelegate.swift; sourceTree = "<group>"; };
		6273BABD247B9AD0003D8F68 /* SceneDelegate.swift */ = {isa = PBXFileReference; lastKnownFileType = sourcecode.swift; path = SceneDelegate.swift; sourceTree = "<group>"; };
		6273BAC1247B9AD1003D8F68 /* Assets.xcassets */ = {isa = PBXFileReference; lastKnownFileType = folder.assetcatalog; path = Assets.xcassets; sourceTree = "<group>"; };
		6273BAC4247B9AD1003D8F68 /* Preview Assets.xcassets */ = {isa = PBXFileReference; lastKnownFileType = folder.assetcatalog; path = "Preview Assets.xcassets"; sourceTree = "<group>"; };
		6273BAC7247B9AD1003D8F68 /* Base */ = {isa = PBXFileReference; lastKnownFileType = file.storyboard; name = Base; path = Base.lproj/LaunchScreen.storyboard; sourceTree = "<group>"; };
		6273BAC9247B9AD1003D8F68 /* Info.plist */ = {isa = PBXFileReference; lastKnownFileType = text.plist.xml; path = Info.plist; sourceTree = "<group>"; };
		62C3D2F92489247800091AA4 /* CameraView.swift */ = {isa = PBXFileReference; lastKnownFileType = sourcecode.swift; path = CameraView.swift; sourceTree = "<group>"; };
		62C3D2FB2489254800091AA4 /* LibraryView.swift */ = {isa = PBXFileReference; lastKnownFileType = sourcecode.swift; path = LibraryView.swift; sourceTree = "<group>"; };
		62C3D2FD248925AF00091AA4 /* ViewController.swift */ = {isa = PBXFileReference; lastKnownFileType = sourcecode.swift; path = ViewController.swift; sourceTree = "<group>"; };
		62C3D2FF2489278200091AA4 /* .gitattributes */ = {isa = PBXFileReference; lastKnownFileType = text; path = .gitattributes; sourceTree = "<group>"; };
/* End PBXFileReference section */

/* Begin PBXFrameworksBuildPhase section */
		6273BAB5247B9AD0003D8F68 /* Frameworks */ = {
			isa = PBXFrameworksBuildPhase;
			buildActionMask = 2147483647;
			files = (
				12E16C47249CFB2100D0DE28 /* Shout in Frameworks */,
			);
			runOnlyForDeploymentPostprocessing = 0;
		};
/* End PBXFrameworksBuildPhase section */

/* Begin PBXGroup section */
		6273BAAF247B9AD0003D8F68 = {
			isa = PBXGroup;
			children = (
				62C3D2FF2489278200091AA4 /* .gitattributes */,
				621E185524891FD10067E25D /* .gitignore */,
				6273BABA247B9AD0003D8F68 /* FaceAgingSwift */,
				6273BAB9247B9AD0003D8F68 /* Products */,
			);
			sourceTree = "<group>";
		};
		6273BAB9247B9AD0003D8F68 /* Products */ = {
			isa = PBXGroup;
			children = (
				6273BAB8247B9AD0003D8F68 /* ChronoFace.app */,
			);
			name = Products;
			sourceTree = "<group>";
		};
		6273BABA247B9AD0003D8F68 /* FaceAgingSwift */ = {
			isa = PBXGroup;
			children = (
				12253043248E818C00C54FF3 /* ConfirmViewController.swift */,
				12253041248E7F8000C54FF3 /* FirstViewController.swift */,
				1225303F248E7C7000C54FF3 /* Main.storyboard */,
				6273BABB247B9AD0003D8F68 /* AppDelegate.swift */,
				6273BABD247B9AD0003D8F68 /* SceneDelegate.swift */,
				621E1851248909FD0067E25D /* ContentView.swift */,
				621E184D2488FEDB0067E25D /* MainView.swift */,
				621E184B2488F5EA0067E25D /* LoadingView.swift */,
				62C3D2F92489247800091AA4 /* CameraView.swift */,
				62C3D2FB2489254800091AA4 /* LibraryView.swift */,
				62C3D2FD248925AF00091AA4 /* ViewController.swift */,
				6273BAC1247B9AD1003D8F68 /* Assets.xcassets */,
				6273BAC6247B9AD1003D8F68 /* LaunchScreen.storyboard */,
				6273BAC9247B9AD1003D8F68 /* Info.plist */,
				6273BAC3247B9AD1003D8F68 /* Preview Content */,
				3F39E151248D3EC300D8E7E5 /* HelpView.swift */,
				3F39E153248D4C3E00D8E7E5 /* ConfirmView.swift */,
				3FA89C45248D637300957190 /* Image.swift */,
				3F39E155248D5C5C00D8E7E5 /* Resource */,
			);
			path = FaceAgingSwift;
			sourceTree = "<group>";
		};
		6273BAC3247B9AD1003D8F68 /* Preview Content */ = {
			isa = PBXGroup;
			children = (
				6273BAC4247B9AD1003D8F68 /* Preview Assets.xcassets */,
			);
			path = "Preview Content";
			sourceTree = "<group>";
		};
/* End PBXGroup section */

/* Begin PBXNativeTarget section */
		6273BAB7247B9AD0003D8F68 /* FaceAgingSwift */ = {
			isa = PBXNativeTarget;
			buildConfigurationList = 6273BACC247B9AD1003D8F68 /* Build configuration list for PBXNativeTarget "FaceAgingSwift" */;
			buildPhases = (
				6273BAB4247B9AD0003D8F68 /* Sources */,
				6273BAB5247B9AD0003D8F68 /* Frameworks */,
				6273BAB6247B9AD0003D8F68 /* Resources */,
			);
			buildRules = (
			);
			dependencies = (
			);
			name = FaceAgingSwift;
			packageProductDependencies = (
				12E16C46249CFB2100D0DE28 /* Shout */,
			);
			productName = FaceAgingSwift;
			productReference = 6273BAB8247B9AD0003D8F68 /* ChronoFace.app */;
			productType = "com.apple.product-type.application";
		};
/* End PBXNativeTarget section */

/* Begin PBXProject section */
		6273BAB0247B9AD0003D8F68 /* Project object */ = {
			isa = PBXProject;
			attributes = {
				LastSwiftUpdateCheck = 1140;
				LastUpgradeCheck = 1140;
				ORGANIZATIONNAME = "Lim Jun Young";
				TargetAttributes = {
					6273BAB7247B9AD0003D8F68 = {
						CreatedOnToolsVersion = 11.4.1;
					};
				};
			};
			buildConfigurationList = 6273BAB3247B9AD0003D8F68 /* Build configuration list for PBXProject "FaceAgingSwift" */;
			compatibilityVersion = "Xcode 9.3";
			developmentRegion = en;
			hasScannedForEncodings = 0;
			knownRegions = (
				en,
				Base,
			);
			mainGroup = 6273BAAF247B9AD0003D8F68;
			packageReferences = (
				12E16C45249CFB2100D0DE28 /* XCRemoteSwiftPackageReference "Shout" */,
			);
			productRefGroup = 6273BAB9247B9AD0003D8F68 /* Products */;
			projectDirPath = "";
			projectRoot = "";
			targets = (
				6273BAB7247B9AD0003D8F68 /* FaceAgingSwift */,
			);
		};
/* End PBXProject section */

/* Begin PBXResourcesBuildPhase section */
		6273BAB6247B9AD0003D8F68 /* Resources */ = {
			isa = PBXResourcesBuildPhase;
			buildActionMask = 2147483647;
			files = (
				12253040248E7C7000C54FF3 /* Main.storyboard in Resources */,
				3F39E156248D5C5C00D8E7E5 /* Resource in Resources */,
				62C3D3002489278200091AA4 /* .gitattributes in Resources */,
				621E185624891FD10067E25D /* .gitignore in Resources */,
				6273BAC8247B9AD1003D8F68 /* LaunchScreen.storyboard in Resources */,
				6273BAC5247B9AD1003D8F68 /* Preview Assets.xcassets in Resources */,
				6273BAC2247B9AD1003D8F68 /* Assets.xcassets in Resources */,
			);
			runOnlyForDeploymentPostprocessing = 0;
		};
/* End PBXResourcesBuildPhase section */

/* Begin PBXSourcesBuildPhase section */
		6273BAB4247B9AD0003D8F68 /* Sources */ = {
			isa = PBXSourcesBuildPhase;
			buildActionMask = 2147483647;
			files = (
				62C3D2FC2489254800091AA4 /* LibraryView.swift in Sources */,
				6273BABC247B9AD0003D8F68 /* AppDelegate.swift in Sources */,
				621E1852248909FD0067E25D /* ContentView.swift in Sources */,
				12253044248E818C00C54FF3 /* ConfirmViewController.swift in Sources */,
				12253042248E7F8000C54FF3 /* FirstViewController.swift in Sources */,
				3F39E154248D4C3E00D8E7E5 /* ConfirmView.swift in Sources */,
				621E184C2488F5EA0067E25D /* LoadingView.swift in Sources */,
				3F39E152248D3EC300D8E7E5 /* HelpView.swift in Sources */,
				62C3D2FA2489247800091AA4 /* CameraView.swift in Sources */,
				6273BABE247B9AD0003D8F68 /* SceneDelegate.swift in Sources */,
				62C3D2FE248925AF00091AA4 /* ViewController.swift in Sources */,
				3FA89C46248D637300957190 /* Image.swift in Sources */,
				621E184E2488FEDB0067E25D /* MainView.swift in Sources */,
			);
			runOnlyForDeploymentPostprocessing = 0;
		};
/* End PBXSourcesBuildPhase section */

/* Begin PBXVariantGroup section */
		6273BAC6247B9AD1003D8F68 /* LaunchScreen.storyboard */ = {
			isa = PBXVariantGroup;
			children = (
				6273BAC7247B9AD1003D8F68 /* Base */,
			);
			name = LaunchScreen.storyboard;
			sourceTree = "<group>";
		};
/* End PBXVariantGroup section */

/* Begin XCBuildConfiguration section */
		6273BACA247B9AD1003D8F68 /* Debug */ = {
			isa = XCBuildConfiguration;
			buildSettings = {
				ALWAYS_SEARCH_USER_PATHS = NO;
				CLANG_ANALYZER_NONNULL = YES;
				CLANG_ANALYZER_NUMBER_OBJECT_CONVERSION = YES_AGGRESSIVE;
				CLANG_CXX_LANGUAGE_STANDARD = "gnu++14";
				CLANG_CXX_LIBRARY = "libc++";
				CLANG_ENABLE_MODULES = YES;
				CLANG_ENABLE_OBJC_ARC = YES;
				CLANG_ENABLE_OBJC_WEAK = YES;
				CLANG_WARN_BLOCK_CAPTURE_AUTORELEASING = YES;
				CLANG_WARN_BOOL_CONVERSION = YES;
				CLANG_WARN_COMMA = YES;
				CLANG_WARN_CONSTANT_CONVERSION = YES;
				CLANG_WARN_DEPRECATED_OBJC_IMPLEMENTATIONS = YES;
				CLANG_WARN_DIRECT_OBJC_ISA_USAGE = YES_ERROR;
				CLANG_WARN_DOCUMENTATION_COMMENTS = YES;
				CLANG_WARN_EMPTY_BODY = YES;
				CLANG_WARN_ENUM_CONVERSION = YES;
				CLANG_WARN_INFINITE_RECURSION = YES;
				CLANG_WARN_INT_CONVERSION = YES;
				CLANG_WARN_NON_LITERAL_NULL_CONVERSION = YES;
				CLANG_WARN_OBJC_IMPLICIT_RETAIN_SELF = YES;
				CLANG_WARN_OBJC_LITERAL_CONVERSION = YES;
				CLANG_WARN_OBJC_ROOT_CLASS = YES_ERROR;
				CLANG_WARN_RANGE_LOOP_ANALYSIS = YES;
				CLANG_WARN_STRICT_PROTOTYPES = YES;
				CLANG_WARN_SUSPICIOUS_MOVE = YES;
				CLANG_WARN_UNGUARDED_AVAILABILITY = YES_AGGRESSIVE;
				CLANG_WARN_UNREACHABLE_CODE = YES;
				CLANG_WARN__DUPLICATE_METHOD_MATCH = YES;
				COPY_PHASE_STRIP = NO;
				DEBUG_INFORMATION_FORMAT = dwarf;
				ENABLE_STRICT_OBJC_MSGSEND = YES;
				ENABLE_TESTABILITY = YES;
				GCC_C_LANGUAGE_STANDARD = gnu11;
				GCC_DYNAMIC_NO_PIC = NO;
				GCC_NO_COMMON_BLOCKS = YES;
				GCC_OPTIMIZATION_LEVEL = 0;
				GCC_PREPROCESSOR_DEFINITIONS = (
					"DEBUG=1",
					"$(inherited)",
				);
				GCC_WARN_64_TO_32_BIT_CONVERSION = YES;
				GCC_WARN_ABOUT_RETURN_TYPE = YES_ERROR;
				GCC_WARN_UNDECLARED_SELECTOR = YES;
				GCC_WARN_UNINITIALIZED_AUTOS = YES_AGGRESSIVE;
				GCC_WARN_UNUSED_FUNCTION = YES;
				GCC_WARN_UNUSED_VARIABLE = YES;
				IPHONEOS_DEPLOYMENT_TARGET = 13.2;
				MTL_ENABLE_DEBUG_INFO = INCLUDE_SOURCE;
				MTL_FAST_MATH = YES;
				ONLY_ACTIVE_ARCH = YES;
				SDKROOT = iphoneos;
				SWIFT_ACTIVE_COMPILATION_CONDITIONS = DEBUG;
				SWIFT_OPTIMIZATION_LEVEL = "-Onone";
			};
			name = Debug;
		};
		6273BACB247B9AD1003D8F68 /* Release */ = {
			isa = XCBuildConfiguration;
			buildSettings = {
				ALWAYS_SEARCH_USER_PATHS = NO;
				CLANG_ANALYZER_NONNULL = YES;
				CLANG_ANALYZER_NUMBER_OBJECT_CONVERSION = YES_AGGRESSIVE;
				CLANG_CXX_LANGUAGE_STANDARD = "gnu++14";
				CLANG_CXX_LIBRARY = "libc++";
				CLANG_ENABLE_MODULES = YES;
				CLANG_ENABLE_OBJC_ARC = YES;
				CLANG_ENABLE_OBJC_WEAK = YES;
				CLANG_WARN_BLOCK_CAPTURE_AUTORELEASING = YES;
				CLANG_WARN_BOOL_CONVERSION = YES;
				CLANG_WARN_COMMA = YES;
				CLANG_WARN_CONSTANT_CONVERSION = YES;
				CLANG_WARN_DEPRECATED_OBJC_IMPLEMENTATIONS = YES;
				CLANG_WARN_DIRECT_OBJC_ISA_USAGE = YES_ERROR;
				CLANG_WARN_DOCUMENTATION_COMMENTS = YES;
				CLANG_WARN_EMPTY_BODY = YES;
				CLANG_WARN_ENUM_CONVERSION = YES;
				CLANG_WARN_INFINITE_RECURSION = YES;
				CLANG_WARN_INT_CONVERSION = YES;
				CLANG_WARN_NON_LITERAL_NULL_CONVERSION = YES;
				CLANG_WARN_OBJC_IMPLICIT_RETAIN_SELF = YES;
				CLANG_WARN_OBJC_LITERAL_CONVERSION = YES;
				CLANG_WARN_OBJC_ROOT_CLASS = YES_ERROR;
				CLANG_WARN_RANGE_LOOP_ANALYSIS = YES;
				CLANG_WARN_STRICT_PROTOTYPES = YES;
				CLANG_WARN_SUSPICIOUS_MOVE = YES;
				CLANG_WARN_UNGUARDED_AVAILABILITY = YES_AGGRESSIVE;
				CLANG_WARN_UNREACHABLE_CODE = YES;
				CLANG_WARN__DUPLICATE_METHOD_MATCH = YES;
				COPY_PHASE_STRIP = NO;
				DEBUG_INFORMATION_FORMAT = "dwarf-with-dsym";
				ENABLE_NS_ASSERTIONS = NO;
				ENABLE_STRICT_OBJC_MSGSEND = YES;
				GCC_C_LANGUAGE_STANDARD = gnu11;
				GCC_NO_COMMON_BLOCKS = YES;
				GCC_WARN_64_TO_32_BIT_CONVERSION = YES;
				GCC_WARN_ABOUT_RETURN_TYPE = YES_ERROR;
				GCC_WARN_UNDECLARED_SELECTOR = YES;
				GCC_WARN_UNINITIALIZED_AUTOS = YES_AGGRESSIVE;
				GCC_WARN_UNUSED_FUNCTION = YES;
				GCC_WARN_UNUSED_VARIABLE = YES;
				IPHONEOS_DEPLOYMENT_TARGET = 13.2;
				MTL_ENABLE_DEBUG_INFO = NO;
				MTL_FAST_MATH = YES;
				SDKROOT = iphoneos;
				SWIFT_COMPILATION_MODE = wholemodule;
				SWIFT_OPTIMIZATION_LEVEL = "-O";
				VALIDATE_PRODUCT = YES;
			};
			name = Release;
		};
		6273BACD247B9AD1003D8F68 /* Debug */ = {
			isa = XCBuildConfiguration;
			buildSettings = {
				ASSETCATALOG_COMPILER_APPICON_NAME = AppIcon;
				CODE_SIGN_STYLE = Automatic;
				DEVELOPMENT_ASSET_PATHS = "\"FaceAgingSwift/Preview Content\"";
				DEVELOPMENT_TEAM = 3Y3Z2Z567H;
				ENABLE_PREVIEWS = YES;
				INFOPLIST_FILE = FaceAgingSwift/Info.plist;
				IPHONEOS_DEPLOYMENT_TARGET = 13.2;
				LD_RUNPATH_SEARCH_PATHS = (
					"$(inherited)",
					"@executable_path/Frameworks",
				);
				PRODUCT_BUNDLE_IDENTIFIER = kr.ac.sogang.2020.includeteam.FaceAgingSwift;
				PRODUCT_NAME = ChronoFace;
				SWIFT_VERSION = 5.0;
				TARGETED_DEVICE_FAMILY = "1,2";
			};
			name = Debug;
		};
		6273BACE247B9AD1003D8F68 /* Release */ = {
			isa = XCBuildConfiguration;
			buildSettings = {
				ASSETCATALOG_COMPILER_APPICON_NAME = AppIcon;
				CODE_SIGN_STYLE = Automatic;
				DEVELOPMENT_ASSET_PATHS = "\"FaceAgingSwift/Preview Content\"";
				DEVELOPMENT_TEAM = 3Y3Z2Z567H;
				ENABLE_PREVIEWS = YES;
				INFOPLIST_FILE = FaceAgingSwift/Info.plist;
				IPHONEOS_DEPLOYMENT_TARGET = 13.2;
				LD_RUNPATH_SEARCH_PATHS = (
					"$(inherited)",
					"@executable_path/Frameworks",
				);
				PRODUCT_BUNDLE_IDENTIFIER = kr.ac.sogang.2020.includeteam.FaceAgingSwift;
				PRODUCT_NAME = ChronoFace;
				SWIFT_VERSION = 5.0;
				TARGETED_DEVICE_FAMILY = "1,2";
			};
			name = Release;
		};
/* End XCBuildConfiguration section */

/* Begin XCConfigurationList section */
		6273BAB3247B9AD0003D8F68 /* Build configuration list for PBXProject "FaceAgingSwift" */ = {
			isa = XCConfigurationList;
			buildConfigurations = (
				6273BACA247B9AD1003D8F68 /* Debug */,
				6273BACB247B9AD1003D8F68 /* Release */,
			);
			defaultConfigurationIsVisible = 0;
			defaultConfigurationName = Release;
		};
		6273BACC247B9AD1003D8F68 /* Build configuration list for PBXNativeTarget "FaceAgingSwift" */ = {
			isa = XCConfigurationList;
			buildConfigurations = (
				6273BACD247B9AD1003D8F68 /* Debug */,
				6273BACE247B9AD1003D8F68 /* Release */,
			);
			defaultConfigurationIsVisible = 0;
			defaultConfigurationName = Release;
		};
/* End XCConfigurationList section */

/* Begin XCRemoteSwiftPackageReference section */
		12E16C45249CFB2100D0DE28 /* XCRemoteSwiftPackageReference "Shout" */ = {
			isa = XCRemoteSwiftPackageReference;
			repositoryURL = "https://github.com/jakeheis/Shout";
			requirement = {
				kind = upToNextMajorVersion;
				minimumVersion = 0.5.4;
			};
		};
/* End XCRemoteSwiftPackageReference section */

/* Begin XCSwiftPackageProductDependency section */
		12E16C46249CFB2100D0DE28 /* Shout */ = {
			isa = XCSwiftPackageProductDependency;
			package = 12E16C45249CFB2100D0DE28 /* XCRemoteSwiftPackageReference "Shout" */;
			productName = Shout;
		};
/* End XCSwiftPackageProductDependency section */
	};
	rootObject = 6273BAB0247B9AD0003D8F68 /* Project object */;
}
